// !$*UTF8*$!
{
	archiveVersion = 1;
	classes = {
	};
	objectVersion = 77;
	objects = {

/* Begin PBXBuildFile section */
		488612762CFF18B2008761C1 /* Algorithms in Frameworks */ = {isa = PBXBuildFile; productRef = 488612752CFF18B2008761C1 /* Algorithms */; };
		488612792CFF18FE008761C1 /* BitCollections in Frameworks */ = {isa = PBXBuildFile; productRef = 488612782CFF18FE008761C1 /* BitCollections */; };
		4886127B2CFF18FE008761C1 /* Collections in Frameworks */ = {isa = PBXBuildFile; productRef = 4886127A2CFF18FE008761C1 /* Collections */; };
		4886127D2CFF18FE008761C1 /* DequeModule in Frameworks */ = {isa = PBXBuildFile; productRef = 4886127C2CFF18FE008761C1 /* DequeModule */; };
		4886127F2CFF18FE008761C1 /* HashTreeCollections in Frameworks */ = {isa = PBXBuildFile; productRef = 4886127E2CFF18FE008761C1 /* HashTreeCollections */; };
		488612812CFF18FE008761C1 /* HeapModule in Frameworks */ = {isa = PBXBuildFile; productRef = 488612802CFF18FE008761C1 /* HeapModule */; };
		488612BA2D005321008761C1 /* Atomics in Frameworks */ = {isa = PBXBuildFile; productRef = 488612B92D005321008761C1 /* Atomics */; };
/* End PBXBuildFile section */

/* Begin PBXContainerItemProxy section */
		488612402CFF1508008761C1 /* PBXContainerItemProxy */ = {
			isa = PBXContainerItemProxy;
			containerPortal = 488612262CFF1507008761C1 /* Project object */;
			proxyType = 1;
			remoteGlobalIDString = 4886122D2CFF1507008761C1;
			remoteInfo = AdventOfCode;
		};
/* End PBXContainerItemProxy section */

/* Begin PBXFileReference section */
		4886122E2CFF1507008761C1 /* AdventOfCode.app */ = {isa = PBXFileReference; explicitFileType = wrapper.application; includeInIndex = 0; path = AdventOfCode.app; sourceTree = BUILT_PRODUCTS_DIR; };
		4886123F2CFF1508008761C1 /* AdventOfCodeTests.xctest */ = {isa = PBXFileReference; explicitFileType = wrapper.cfbundle; includeInIndex = 0; path = AdventOfCodeTests.xctest; sourceTree = BUILT_PRODUCTS_DIR; };
		488612AB2CFF25E4008761C1 /* AdventOfCode.xctestplan */ = {isa = PBXFileReference; lastKnownFileType = text; name = AdventOfCode.xctestplan; path = AdventOfCodeTests/AdventOfCode.xctestplan; sourceTree = "<group>"; };
/* End PBXFileReference section */

/* Begin PBXFileSystemSynchronizedBuildFileExceptionSet section */
		488612822CFF194B008761C1 /* Exceptions for "AdventOfCodeTests" folder in "AdventOfCodeTests" target */ = {
			isa = PBXFileSystemSynchronizedBuildFileExceptionSet;
			membershipExceptions = (
				Solution.template.swift,
				SolutionTests.template.swift,
			);
			target = 4886123E2CFF1508008761C1 /* AdventOfCodeTests */;
		};
/* End PBXFileSystemSynchronizedBuildFileExceptionSet section */

/* Begin PBXFileSystemSynchronizedRootGroup section */
		488612302CFF1507008761C1 /* AdventOfCode */ = {
			isa = PBXFileSystemSynchronizedRootGroup;
			path = AdventOfCode;
			sourceTree = "<group>";
		};
		488612422CFF1508008761C1 /* AdventOfCodeTests */ = {
			isa = PBXFileSystemSynchronizedRootGroup;
			exceptions = (
				488612822CFF194B008761C1 /* Exceptions for "AdventOfCodeTests" folder in "AdventOfCodeTests" target */,
			);
			path = AdventOfCodeTests;
			sourceTree = "<group>";
		};
/* End PBXFileSystemSynchronizedRootGroup section */

/* Begin PBXFrameworksBuildPhase section */
		4886122B2CFF1507008761C1 /* Frameworks */ = {
			isa = PBXFrameworksBuildPhase;
			buildActionMask = 2147483647;
			files = (
			);
			runOnlyForDeploymentPostprocessing = 0;
		};
		4886123C2CFF1508008761C1 /* Frameworks */ = {
			isa = PBXFrameworksBuildPhase;
			buildActionMask = 2147483647;
			files = (
				4886127F2CFF18FE008761C1 /* HashTreeCollections in Frameworks */,
				4886127B2CFF18FE008761C1 /* Collections in Frameworks */,
				4886127D2CFF18FE008761C1 /* DequeModule in Frameworks */,
				488612792CFF18FE008761C1 /* BitCollections in Frameworks */,
				488612812CFF18FE008761C1 /* HeapModule in Frameworks */,
				488612762CFF18B2008761C1 /* Algorithms in Frameworks */,
				488612BA2D005321008761C1 /* Atomics in Frameworks */,
			);
			runOnlyForDeploymentPostprocessing = 0;
		};
/* End PBXFrameworksBuildPhase section */

/* Begin PBXGroup section */
		488612252CFF1507008761C1 = {
			isa = PBXGroup;
			children = (
				488612AB2CFF25E4008761C1 /* AdventOfCode.xctestplan */,
				488612302CFF1507008761C1 /* AdventOfCode */,
				488612422CFF1508008761C1 /* AdventOfCodeTests */,
				4886122F2CFF1507008761C1 /* Products */,
			);
			sourceTree = "<group>";
		};
		4886122F2CFF1507008761C1 /* Products */ = {
			isa = PBXGroup;
			children = (
				4886122E2CFF1507008761C1 /* AdventOfCode.app */,
				4886123F2CFF1508008761C1 /* AdventOfCodeTests.xctest */,
			);
			name = Products;
			sourceTree = "<group>";
		};
/* End PBXGroup section */

/* Begin PBXNativeTarget section */
		4886122D2CFF1507008761C1 /* AdventOfCode */ = {
			isa = PBXNativeTarget;
			buildConfigurationList = 488612532CFF1508008761C1 /* Build configuration list for PBXNativeTarget "AdventOfCode" */;
			buildPhases = (
				4886122A2CFF1507008761C1 /* Sources */,
				4886122B2CFF1507008761C1 /* Frameworks */,
				4886122C2CFF1507008761C1 /* Resources */,
			);
			buildRules = (
			);
			dependencies = (
			);
			fileSystemSynchronizedGroups = (
				488612302CFF1507008761C1 /* AdventOfCode */,
			);
			name = AdventOfCode;
			packageProductDependencies = (
			);
			productName = AdventOfCode;
			productReference = 4886122E2CFF1507008761C1 /* AdventOfCode.app */;
			productType = "com.apple.product-type.application";
		};
		4886123E2CFF1508008761C1 /* AdventOfCodeTests */ = {
			isa = PBXNativeTarget;
			buildConfigurationList = 488612562CFF1508008761C1 /* Build configuration list for PBXNativeTarget "AdventOfCodeTests" */;
			buildPhases = (
				4886123B2CFF1508008761C1 /* Sources */,
				4886123C2CFF1508008761C1 /* Frameworks */,
				4886123D2CFF1508008761C1 /* Resources */,
			);
			buildRules = (
			);
			dependencies = (
				488612412CFF1508008761C1 /* PBXTargetDependency */,
			);
			fileSystemSynchronizedGroups = (
				488612422CFF1508008761C1 /* AdventOfCodeTests */,
			);
			name = AdventOfCodeTests;
			packageProductDependencies = (
				488612752CFF18B2008761C1 /* Algorithms */,
				488612782CFF18FE008761C1 /* BitCollections */,
				4886127A2CFF18FE008761C1 /* Collections */,
				4886127C2CFF18FE008761C1 /* DequeModule */,
				4886127E2CFF18FE008761C1 /* HashTreeCollections */,
				488612802CFF18FE008761C1 /* HeapModule */,
				488612B92D005321008761C1 /* Atomics */,
			);
			productName = AdventOfCodeTests;
			productReference = 4886123F2CFF1508008761C1 /* AdventOfCodeTests.xctest */;
			productType = "com.apple.product-type.bundle.unit-test";
		};
/* End PBXNativeTarget section */

/* Begin PBXProject section */
		488612262CFF1507008761C1 /* Project object */ = {
			isa = PBXProject;
			attributes = {
				BuildIndependentTargetsInParallel = 1;
				LastSwiftUpdateCheck = 1600;
				LastUpgradeCheck = 1600;
				TargetAttributes = {
					4886122D2CFF1507008761C1 = {
						CreatedOnToolsVersion = 16.0;
					};
					4886123E2CFF1508008761C1 = {
						CreatedOnToolsVersion = 16.0;
						TestTargetID = 4886122D2CFF1507008761C1;
					};
				};
			};
			buildConfigurationList = 488612292CFF1507008761C1 /* Build configuration list for PBXProject "AdventOfCode" */;
			developmentRegion = en;
			hasScannedForEncodings = 0;
			knownRegions = (
				en,
				Base,
			);
			mainGroup = 488612252CFF1507008761C1;
			minimizedProjectReferenceProxies = 1;
			packageReferences = (
				488612742CFF18B2008761C1 /* XCRemoteSwiftPackageReference "swift-algorithms" */,
				488612772CFF18FE008761C1 /* XCRemoteSwiftPackageReference "swift-collections" */,
				488612B82D005321008761C1 /* XCRemoteSwiftPackageReference "swift-atomics" */,
			);
			preferredProjectObjectVersion = 77;
			productRefGroup = 4886122F2CFF1507008761C1 /* Products */;
			projectDirPath = "";
			projectRoot = "";
			targets = (
				4886122D2CFF1507008761C1 /* AdventOfCode */,
				4886123E2CFF1508008761C1 /* AdventOfCodeTests */,
			);
		};
/* End PBXProject section */

/* Begin PBXResourcesBuildPhase section */
		4886122C2CFF1507008761C1 /* Resources */ = {
			isa = PBXResourcesBuildPhase;
			buildActionMask = 2147483647;
			files = (
			);
			runOnlyForDeploymentPostprocessing = 0;
		};
		4886123D2CFF1508008761C1 /* Resources */ = {
			isa = PBXResourcesBuildPhase;
			buildActionMask = 2147483647;
			files = (
			);
			runOnlyForDeploymentPostprocessing = 0;
		};
/* End PBXResourcesBuildPhase section */

/* Begin PBXSourcesBuildPhase section */
		4886122A2CFF1507008761C1 /* Sources */ = {
			isa = PBXSourcesBuildPhase;
			buildActionMask = 2147483647;
			files = (
			);
			runOnlyForDeploymentPostprocessing = 0;
		};
		4886123B2CFF1508008761C1 /* Sources */ = {
			isa = PBXSourcesBuildPhase;
			buildActionMask = 2147483647;
			files = (
			);
			runOnlyForDeploymentPostprocessing = 0;
		};
/* End PBXSourcesBuildPhase section */

/* Begin PBXTargetDependency section */
		488612412CFF1508008761C1 /* PBXTargetDependency */ = {
			isa = PBXTargetDependency;
			target = 4886122D2CFF1507008761C1 /* AdventOfCode */;
			targetProxy = 488612402CFF1508008761C1 /* PBXContainerItemProxy */;
		};
/* End PBXTargetDependency section */

/* Begin XCBuildConfiguration section */
		488612512CFF1508008761C1 /* Debug */ = {
			isa = XCBuildConfiguration;
			buildSettings = {
				ALWAYS_SEARCH_USER_PATHS = NO;
				ASSETCATALOG_COMPILER_GENERATE_SWIFT_ASSET_SYMBOL_EXTENSIONS = YES;
				CLANG_ANALYZER_NONNULL = YES;
				CLANG_ANALYZER_NUMBER_OBJECT_CONVERSION = YES_AGGRESSIVE;
				CLANG_CXX_LANGUAGE_STANDARD = "gnu++20";
				CLANG_ENABLE_MODULES = YES;
				CLANG_ENABLE_OBJC_ARC = YES;
				CLANG_ENABLE_OBJC_WEAK = YES;
				CLANG_WARN_BLOCK_CAPTURE_AUTORELEASING = YES;
				CLANG_WARN_BOOL_CONVERSION = YES;
				CLANG_WARN_COMMA = YES;
				CLANG_WARN_CONSTANT_CONVERSION = YES;
				CLANG_WARN_DEPRECATED_OBJC_IMPLEMENTATIONS = YES;
				CLANG_WARN_DIRECT_OBJC_ISA_USAGE = YES_ERROR;
				CLANG_WARN_DOCUMENTATION_COMMENTS = YES;
				CLANG_WARN_EMPTY_BODY = YES;
				CLANG_WARN_ENUM_CONVERSION = YES;
				CLANG_WARN_INFINITE_RECURSION = YES;
				CLANG_WARN_INT_CONVERSION = YES;
				CLANG_WARN_NON_LITERAL_NULL_CONVERSION = YES;
				CLANG_WARN_OBJC_IMPLICIT_RETAIN_SELF = YES;
				CLANG_WARN_OBJC_LITERAL_CONVERSION = YES;
				CLANG_WARN_OBJC_ROOT_CLASS = YES_ERROR;
				CLANG_WARN_QUOTED_INCLUDE_IN_FRAMEWORK_HEADER = YES;
				CLANG_WARN_RANGE_LOOP_ANALYSIS = YES;
				CLANG_WARN_STRICT_PROTOTYPES = YES;
				CLANG_WARN_SUSPICIOUS_MOVE = YES;
				CLANG_WARN_UNGUARDED_AVAILABILITY = YES_AGGRESSIVE;
				CLANG_WARN_UNREACHABLE_CODE = YES;
				CLANG_WARN__DUPLICATE_METHOD_MATCH = YES;
				COPY_PHASE_STRIP = NO;
				DEBUG_INFORMATION_FORMAT = dwarf;
				ENABLE_STRICT_OBJC_MSGSEND = YES;
				ENABLE_TESTABILITY = YES;
				ENABLE_USER_SCRIPT_SANDBOXING = YES;
				GCC_C_LANGUAGE_STANDARD = gnu17;
				GCC_DYNAMIC_NO_PIC = NO;
				GCC_NO_COMMON_BLOCKS = YES;
				GCC_OPTIMIZATION_LEVEL = 0;
				GCC_PREPROCESSOR_DEFINITIONS = (
					"DEBUG=1",
					"$(inherited)",
				);
				GCC_WARN_64_TO_32_BIT_CONVERSION = YES;
				GCC_WARN_ABOUT_RETURN_TYPE = YES_ERROR;
				GCC_WARN_UNDECLARED_SELECTOR = YES;
				GCC_WARN_UNINITIALIZED_AUTOS = YES_AGGRESSIVE;
				GCC_WARN_UNUSED_FUNCTION = YES;
				GCC_WARN_UNUSED_VARIABLE = YES;
				LOCALIZATION_PREFERS_STRING_CATALOGS = YES;
				MTL_ENABLE_DEBUG_INFO = INCLUDE_SOURCE;
				MTL_FAST_MATH = YES;
				ONLY_ACTIVE_ARCH = YES;
				SWIFT_ACTIVE_COMPILATION_CONDITIONS = "DEBUG $(inherited)";
				SWIFT_OPTIMIZATION_LEVEL = "-Onone";
			};
			name = Debug;
		};
		488612522CFF1508008761C1 /* Release */ = {
			isa = XCBuildConfiguration;
			buildSettings = {
				ALWAYS_SEARCH_USER_PATHS = NO;
				ASSETCATALOG_COMPILER_GENERATE_SWIFT_ASSET_SYMBOL_EXTENSIONS = YES;
				CLANG_ANALYZER_NONNULL = YES;
				CLANG_ANALYZER_NUMBER_OBJECT_CONVERSION = YES_AGGRESSIVE;
				CLANG_CXX_LANGUAGE_STANDARD = "gnu++20";
				CLANG_ENABLE_MODULES = YES;
				CLANG_ENABLE_OBJC_ARC = YES;
				CLANG_ENABLE_OBJC_WEAK = YES;
				CLANG_WARN_BLOCK_CAPTURE_AUTORELEASING = YES;
				CLANG_WARN_BOOL_CONVERSION = YES;
				CLANG_WARN_COMMA = YES;
				CLANG_WARN_CONSTANT_CONVERSION = YES;
				CLANG_WARN_DEPRECATED_OBJC_IMPLEMENTATIONS = YES;
				CLANG_WARN_DIRECT_OBJC_ISA_USAGE = YES_ERROR;
				CLANG_WARN_DOCUMENTATION_COMMENTS = YES;
				CLANG_WARN_EMPTY_BODY = YES;
				CLANG_WARN_ENUM_CONVERSION = YES;
				CLANG_WARN_INFINITE_RECURSION = YES;
				CLANG_WARN_INT_CONVERSION = YES;
				CLANG_WARN_NON_LITERAL_NULL_CONVERSION = YES;
				CLANG_WARN_OBJC_IMPLICIT_RETAIN_SELF = YES;
				CLANG_WARN_OBJC_LITERAL_CONVERSION = YES;
				CLANG_WARN_OBJC_ROOT_CLASS = YES_ERROR;
				CLANG_WARN_QUOTED_INCLUDE_IN_FRAMEWORK_HEADER = YES;
				CLANG_WARN_RANGE_LOOP_ANALYSIS = YES;
				CLANG_WARN_STRICT_PROTOTYPES = YES;
				CLANG_WARN_SUSPICIOUS_MOVE = YES;
				CLANG_WARN_UNGUARDED_AVAILABILITY = YES_AGGRESSIVE;
				CLANG_WARN_UNREACHABLE_CODE = YES;
				CLANG_WARN__DUPLICATE_METHOD_MATCH = YES;
				COPY_PHASE_STRIP = NO;
				DEBUG_INFORMATION_FORMAT = "dwarf-with-dsym";
				ENABLE_NS_ASSERTIONS = NO;
				ENABLE_STRICT_OBJC_MSGSEND = YES;
				ENABLE_USER_SCRIPT_SANDBOXING = YES;
				GCC_C_LANGUAGE_STANDARD = gnu17;
				GCC_NO_COMMON_BLOCKS = YES;
				GCC_WARN_64_TO_32_BIT_CONVERSION = YES;
				GCC_WARN_ABOUT_RETURN_TYPE = YES_ERROR;
				GCC_WARN_UNDECLARED_SELECTOR = YES;
				GCC_WARN_UNINITIALIZED_AUTOS = YES_AGGRESSIVE;
				GCC_WARN_UNUSED_FUNCTION = YES;
				GCC_WARN_UNUSED_VARIABLE = YES;
				LOCALIZATION_PREFERS_STRING_CATALOGS = YES;
				MTL_ENABLE_DEBUG_INFO = NO;
				MTL_FAST_MATH = YES;
				SWIFT_COMPILATION_MODE = wholemodule;
			};
			name = Release;
		};
		488612542CFF1508008761C1 /* Debug */ = {
			isa = XCBuildConfiguration;
			buildSettings = {
				ASSETCATALOG_COMPILER_APPICON_NAME = AppIcon;
				ASSETCATALOG_COMPILER_GLOBAL_ACCENT_COLOR_NAME = AccentColor;
				CODE_SIGN_ENTITLEMENTS = AdventOfCode/AdventOfCode.entitlements;
				CODE_SIGN_STYLE = Automatic;
				CURRENT_PROJECT_VERSION = 1;
				DEVELOPMENT_ASSET_PATHS = "\"AdventOfCode/Preview Content\"";
				DEVELOPMENT_TEAM = Y3NT3WUF44;
				ENABLE_HARDENED_RUNTIME = YES;
				ENABLE_PREVIEWS = YES;
				GENERATE_INFOPLIST_FILE = YES;
				"INFOPLIST_KEY_UIApplicationSceneManifest_Generation[sdk=iphoneos*]" = YES;
				"INFOPLIST_KEY_UIApplicationSceneManifest_Generation[sdk=iphonesimulator*]" = YES;
				"INFOPLIST_KEY_UIApplicationSupportsIndirectInputEvents[sdk=iphoneos*]" = YES;
				"INFOPLIST_KEY_UIApplicationSupportsIndirectInputEvents[sdk=iphonesimulator*]" = YES;
				"INFOPLIST_KEY_UILaunchScreen_Generation[sdk=iphoneos*]" = YES;
				"INFOPLIST_KEY_UILaunchScreen_Generation[sdk=iphonesimulator*]" = YES;
				"INFOPLIST_KEY_UIStatusBarStyle[sdk=iphoneos*]" = UIStatusBarStyleDefault;
				"INFOPLIST_KEY_UIStatusBarStyle[sdk=iphonesimulator*]" = UIStatusBarStyleDefault;
				INFOPLIST_KEY_UISupportedInterfaceOrientations_iPad = "UIInterfaceOrientationPortrait UIInterfaceOrientationPortraitUpsideDown UIInterfaceOrientationLandscapeLeft UIInterfaceOrientationLandscapeRight";
				INFOPLIST_KEY_UISupportedInterfaceOrientations_iPhone = "UIInterfaceOrientationPortrait UIInterfaceOrientationLandscapeLeft UIInterfaceOrientationLandscapeRight";
				IPHONEOS_DEPLOYMENT_TARGET = 18.0;
				LD_RUNPATH_SEARCH_PATHS = "@executable_path/Frameworks";
				"LD_RUNPATH_SEARCH_PATHS[sdk=macosx*]" = "@executable_path/../Frameworks";
				MACOSX_DEPLOYMENT_TARGET = 15.0;
				MARKETING_VERSION = 1.0;
				PRODUCT_BUNDLE_IDENTIFIER = cz.tyas.AdventOfCode;
				PRODUCT_NAME = "$(TARGET_NAME)";
				SDKROOT = auto;
				SUPPORTED_PLATFORMS = "iphoneos iphonesimulator macosx xros xrsimulator";
				SWIFT_EMIT_LOC_STRINGS = YES;
				SWIFT_VERSION = 5.0;
				TARGETED_DEVICE_FAMILY = "1,2,7";
				XROS_DEPLOYMENT_TARGET = 2.0;
			};
			name = Debug;
		};
		488612552CFF1508008761C1 /* Release */ = {
			isa = XCBuildConfiguration;
			buildSettings = {
				ASSETCATALOG_COMPILER_APPICON_NAME = AppIcon;
				ASSETCATALOG_COMPILER_GLOBAL_ACCENT_COLOR_NAME = AccentColor;
				CODE_SIGN_ENTITLEMENTS = AdventOfCode/AdventOfCode.entitlements;
				CODE_SIGN_STYLE = Automatic;
				CURRENT_PROJECT_VERSION = 1;
				DEVELOPMENT_ASSET_PATHS = "\"AdventOfCode/Preview Content\"";
				DEVELOPMENT_TEAM = Y3NT3WUF44;
				ENABLE_HARDENED_RUNTIME = YES;
				ENABLE_PREVIEWS = YES;
				GENERATE_INFOPLIST_FILE = YES;
				"INFOPLIST_KEY_UIApplicationSceneManifest_Generation[sdk=iphoneos*]" = YES;
				"INFOPLIST_KEY_UIApplicationSceneManifest_Generation[sdk=iphonesimulator*]" = YES;
				"INFOPLIST_KEY_UIApplicationSupportsIndirectInputEvents[sdk=iphoneos*]" = YES;
				"INFOPLIST_KEY_UIApplicationSupportsIndirectInputEvents[sdk=iphonesimulator*]" = YES;
				"INFOPLIST_KEY_UILaunchScreen_Generation[sdk=iphoneos*]" = YES;
				"INFOPLIST_KEY_UILaunchScreen_Generation[sdk=iphonesimulator*]" = YES;
				"INFOPLIST_KEY_UIStatusBarStyle[sdk=iphoneos*]" = UIStatusBarStyleDefault;
				"INFOPLIST_KEY_UIStatusBarStyle[sdk=iphonesimulator*]" = UIStatusBarStyleDefault;
				INFOPLIST_KEY_UISupportedInterfaceOrientations_iPad = "UIInterfaceOrientationPortrait UIInterfaceOrientationPortraitUpsideDown UIInterfaceOrientationLandscapeLeft UIInterfaceOrientationLandscapeRight";
				INFOPLIST_KEY_UISupportedInterfaceOrientations_iPhone = "UIInterfaceOrientationPortrait UIInterfaceOrientationLandscapeLeft UIInterfaceOrientationLandscapeRight";
				IPHONEOS_DEPLOYMENT_TARGET = 18.0;
				LD_RUNPATH_SEARCH_PATHS = "@executable_path/Frameworks";
				"LD_RUNPATH_SEARCH_PATHS[sdk=macosx*]" = "@executable_path/../Frameworks";
				MACOSX_DEPLOYMENT_TARGET = 15.0;
				MARKETING_VERSION = 1.0;
				PRODUCT_BUNDLE_IDENTIFIER = cz.tyas.AdventOfCode;
				PRODUCT_NAME = "$(TARGET_NAME)";
				SDKROOT = auto;
				SUPPORTED_PLATFORMS = "iphoneos iphonesimulator macosx xros xrsimulator";
				SWIFT_EMIT_LOC_STRINGS = YES;
				SWIFT_VERSION = 5.0;
				TARGETED_DEVICE_FAMILY = "1,2,7";
				XROS_DEPLOYMENT_TARGET = 2.0;
			};
			name = Release;
		};
		488612572CFF1508008761C1 /* Debug */ = {
			isa = XCBuildConfiguration;
			buildSettings = {
				BUNDLE_LOADER = "$(TEST_HOST)";
				CODE_SIGN_STYLE = Automatic;
				CURRENT_PROJECT_VERSION = 1;
				DEVELOPMENT_TEAM = Y3NT3WUF44;
				GENERATE_INFOPLIST_FILE = YES;
				IPHONEOS_DEPLOYMENT_TARGET = 18.0;
				MACOSX_DEPLOYMENT_TARGET = 15.0;
				MARKETING_VERSION = 1.0;
				PRODUCT_BUNDLE_IDENTIFIER = cz.tyas.AdventOfCodeTests;
				PRODUCT_NAME = "$(TARGET_NAME)";
				SDKROOT = auto;
				SUPPORTED_PLATFORMS = "iphoneos iphonesimulator macosx xros xrsimulator";
				SWIFT_EMIT_LOC_STRINGS = NO;
				SWIFT_VERSION = 5.0;
				TARGETED_DEVICE_FAMILY = "1,2,7";
				XROS_DEPLOYMENT_TARGET = 2.0;
			};
			name = Debug;
		};
		488612582CFF1508008761C1 /* Release */ = {
			isa = XCBuildConfiguration;
			buildSettings = {
				BUNDLE_LOADER = "$(TEST_HOST)";
				CODE_SIGN_STYLE = Automatic;
				CURRENT_PROJECT_VERSION = 1;
				DEVELOPMENT_TEAM = Y3NT3WUF44;
				GENERATE_INFOPLIST_FILE = YES;
				IPHONEOS_DEPLOYMENT_TARGET = 18.0;
				MACOSX_DEPLOYMENT_TARGET = 15.0;
				MARKETING_VERSION = 1.0;
				PRODUCT_BUNDLE_IDENTIFIER = cz.tyas.AdventOfCodeTests;
				PRODUCT_NAME = "$(TARGET_NAME)";
				SDKROOT = auto;
				SUPPORTED_PLATFORMS = "iphoneos iphonesimulator macosx xros xrsimulator";
				SWIFT_EMIT_LOC_STRINGS = NO;
				SWIFT_VERSION = 5.0;
				TARGETED_DEVICE_FAMILY = "1,2,7";
				XROS_DEPLOYMENT_TARGET = 2.0;
			};
			name = Release;
		};
/* End XCBuildConfiguration section */

/* Begin XCConfigurationList section */
		488612292CFF1507008761C1 /* Build configuration list for PBXProject "AdventOfCode" */ = {
			isa = XCConfigurationList;
			buildConfigurations = (
				488612512CFF1508008761C1 /* Debug */,
				488612522CFF1508008761C1 /* Release */,
			);
			defaultConfigurationIsVisible = 0;
			defaultConfigurationName = Release;
		};
		488612532CFF1508008761C1 /* Build configuration list for PBXNativeTarget "AdventOfCode" */ = {
			isa = XCConfigurationList;
			buildConfigurations = (
				488612542CFF1508008761C1 /* Debug */,
				488612552CFF1508008761C1 /* Release */,
			);
			defaultConfigurationIsVisible = 0;
			defaultConfigurationName = Release;
		};
		488612562CFF1508008761C1 /* Build configuration list for PBXNativeTarget "AdventOfCodeTests" */ = {
			isa = XCConfigurationList;
			buildConfigurations = (
				488612572CFF1508008761C1 /* Debug */,
				488612582CFF1508008761C1 /* Release */,
			);
			defaultConfigurationIsVisible = 0;
			defaultConfigurationName = Release;
		};
/* End XCConfigurationList section */

/* Begin XCRemoteSwiftPackageReference section */
		488612742CFF18B2008761C1 /* XCRemoteSwiftPackageReference "swift-algorithms" */ = {
			isa = XCRemoteSwiftPackageReference;
			repositoryURL = "https://github.com/apple/swift-algorithms.git";
			requirement = {
				kind = upToNextMajorVersion;
				minimumVersion = 1.2.0;
			};
		};
		488612772CFF18FE008761C1 /* XCRemoteSwiftPackageReference "swift-collections" */ = {
			isa = XCRemoteSwiftPackageReference;
			repositoryURL = "https://github.com/apple/swift-collections.git";
			requirement = {
				kind = upToNextMajorVersion;
				minimumVersion = 1.1.4;
			};
		};
		488612B82D005321008761C1 /* XCRemoteSwiftPackageReference "swift-atomics" */ = {
			isa = XCRemoteSwiftPackageReference;
			repositoryURL = "https://github.com/apple/swift-atomics.git";
			requirement = {
				kind = upToNextMajorVersion;
				minimumVersion = 1.2.0;
			};
		};
/* End XCRemoteSwiftPackageReference section */

/* Begin XCSwiftPackageProductDependency section */
		488612752CFF18B2008761C1 /* Algorithms */ = {
			isa = XCSwiftPackageProductDependency;
			package = 488612742CFF18B2008761C1 /* XCRemoteSwiftPackageReference "swift-algorithms" */;
			productName = Algorithms;
		};
		488612782CFF18FE008761C1 /* BitCollections */ = {
			isa = XCSwiftPackageProductDependency;
			package = 488612772CFF18FE008761C1 /* XCRemoteSwiftPackageReference "swift-collections" */;
			productName = BitCollections;
		};
		4886127A2CFF18FE008761C1 /* Collections */ = {
			isa = XCSwiftPackageProductDependency;
			package = 488612772CFF18FE008761C1 /* XCRemoteSwiftPackageReference "swift-collections" */;
			productName = Collections;
		};
		4886127C2CFF18FE008761C1 /* DequeModule */ = {
			isa = XCSwiftPackageProductDependency;
			package = 488612772CFF18FE008761C1 /* XCRemoteSwiftPackageReference "swift-collections" */;
			productName = DequeModule;
		};
		4886127E2CFF18FE008761C1 /* HashTreeCollections */ = {
			isa = XCSwiftPackageProductDependency;
			package = 488612772CFF18FE008761C1 /* XCRemoteSwiftPackageReference "swift-collections" */;
			productName = HashTreeCollections;
		};
		488612802CFF18FE008761C1 /* HeapModule */ = {
			isa = XCSwiftPackageProductDependency;
			package = 488612772CFF18FE008761C1 /* XCRemoteSwiftPackageReference "swift-collections" */;
			productName = HeapModule;
		};
		488612B92D005321008761C1 /* Atomics */ = {
			isa = XCSwiftPackageProductDependency;
			package = 488612B82D005321008761C1 /* XCRemoteSwiftPackageReference "swift-atomics" */;
			productName = Atomics;
		};
/* End XCSwiftPackageProductDependency section */
	};
	rootObject = 488612262CFF1507008761C1 /* Project object */;
}
