// !$*UTF8*$!
{
	archiveVersion = 1;
	classes = {
	};
	objectVersion = 56;
	objects = {

/* Begin PBXBuildFile section */
		48504A6D2B16A180007BCC6B /* AdventOfCode2022App.swift in Sources */ = {isa = PBXBuildFile; fileRef = 48504A6C2B16A180007BCC6B /* AdventOfCode2022App.swift */; };
		48504A6F2B16A180007BCC6B /* ContentView.swift in Sources */ = {isa = PBXBuildFile; fileRef = 48504A6E2B16A180007BCC6B /* ContentView.swift */; };
		48504A712B16A181007BCC6B /* Assets.xcassets in Resources */ = {isa = PBXBuildFile; fileRef = 48504A702B16A181007BCC6B /* Assets.xcassets */; };
		48504A742B16A181007BCC6B /* Preview Assets.xcassets in Resources */ = {isa = PBXBuildFile; fileRef = 48504A732B16A181007BCC6B /* Preview Assets.xcassets */; };
		48504A8E2B16A647007BCC6B /* Common.swift in Sources */ = {isa = PBXBuildFile; fileRef = 48504A8D2B16A647007BCC6B /* Common.swift */; };
		487D116B2B16A9EF00D2C1B7 /* Solution1Tests.swift in Sources */ = {isa = PBXBuildFile; fileRef = 48504A812B16A1BC007BCC6B /* Solution1Tests.swift */; };
		487D116C2B16A9F300D2C1B7 /* Solution1.swift in Sources */ = {isa = PBXBuildFile; fileRef = 48504A882B16A23C007BCC6B /* Solution1.swift */; };
		487D116F2B17535C00D2C1B7 /* Solution2.swift in Sources */ = {isa = PBXBuildFile; fileRef = 487D116E2B17535C00D2C1B7 /* Solution2.swift */; };
		487D11712B17536100D2C1B7 /* Solution2Tests.swift in Sources */ = {isa = PBXBuildFile; fileRef = 487D11702B17536100D2C1B7 /* Solution2Tests.swift */; };
		487D11742B176C5400D2C1B7 /* Solution3.swift in Sources */ = {isa = PBXBuildFile; fileRef = 487D11732B176C5400D2C1B7 /* Solution3.swift */; };
		487D11762B176C5A00D2C1B7 /* Solution3Tests.swift in Sources */ = {isa = PBXBuildFile; fileRef = 487D11752B176C5A00D2C1B7 /* Solution3Tests.swift */; };
		487D11792B1780CC00D2C1B7 /* Solution4.swift in Sources */ = {isa = PBXBuildFile; fileRef = 487D11782B1780CC00D2C1B7 /* Solution4.swift */; };
		487D117B2B1780D100D2C1B7 /* Solution4Tests.swift in Sources */ = {isa = PBXBuildFile; fileRef = 487D117A2B1780D100D2C1B7 /* Solution4Tests.swift */; };
		487D117E2B17878400D2C1B7 /* Solution5.swift in Sources */ = {isa = PBXBuildFile; fileRef = 487D117D2B17878400D2C1B7 /* Solution5.swift */; };
		487D11802B17878B00D2C1B7 /* Solution5Tests.swift in Sources */ = {isa = PBXBuildFile; fileRef = 487D117F2B17878B00D2C1B7 /* Solution5Tests.swift */; };
		487D11832B179D8400D2C1B7 /* Solution6.swift in Sources */ = {isa = PBXBuildFile; fileRef = 487D11822B179D8400D2C1B7 /* Solution6.swift */; };
		487D11852B179D8900D2C1B7 /* Solution6Tests.swift in Sources */ = {isa = PBXBuildFile; fileRef = 487D11842B179D8900D2C1B7 /* Solution6Tests.swift */; };
		487D11882B17A79D00D2C1B7 /* Solution7.swift in Sources */ = {isa = PBXBuildFile; fileRef = 487D11872B17A79D00D2C1B7 /* Solution7.swift */; };
		487D118A2B17A7A200D2C1B7 /* Solution7Tests.swift in Sources */ = {isa = PBXBuildFile; fileRef = 487D11892B17A7A200D2C1B7 /* Solution7Tests.swift */; };
		487D118D2B18A67400D2C1B7 /* Solution8.swift in Sources */ = {isa = PBXBuildFile; fileRef = 487D118C2B18A67400D2C1B7 /* Solution8.swift */; };
		487D118F2B18A67800D2C1B7 /* Solution8Tests.swift in Sources */ = {isa = PBXBuildFile; fileRef = 487D118E2B18A67800D2C1B7 /* Solution8Tests.swift */; };
		487D11922B18A8E800D2C1B7 /* Algorithms in Frameworks */ = {isa = PBXBuildFile; productRef = 487D11912B18A8E800D2C1B7 /* Algorithms */; };
/* End PBXBuildFile section */

/* Begin PBXContainerItemProxy section */
		48504A832B16A1BC007BCC6B /* PBXContainerItemProxy */ = {
			isa = PBXContainerItemProxy;
			containerPortal = 48504A612B16A180007BCC6B /* Project object */;
			proxyType = 1;
			remoteGlobalIDString = 48504A682B16A180007BCC6B;
			remoteInfo = AdventOfCode2022;
		};
/* End PBXContainerItemProxy section */

/* Begin PBXFileReference section */
		48504A692B16A180007BCC6B /* AdventOfCode2022.app */ = {isa = PBXFileReference; explicitFileType = wrapper.application; includeInIndex = 0; path = AdventOfCode2022.app; sourceTree = BUILT_PRODUCTS_DIR; };
		48504A6C2B16A180007BCC6B /* AdventOfCode2022App.swift */ = {isa = PBXFileReference; lastKnownFileType = sourcecode.swift; path = AdventOfCode2022App.swift; sourceTree = "<group>"; };
		48504A6E2B16A180007BCC6B /* ContentView.swift */ = {isa = PBXFileReference; lastKnownFileType = sourcecode.swift; path = ContentView.swift; sourceTree = "<group>"; };
		48504A702B16A181007BCC6B /* Assets.xcassets */ = {isa = PBXFileReference; lastKnownFileType = folder.assetcatalog; path = Assets.xcassets; sourceTree = "<group>"; };
		48504A732B16A181007BCC6B /* Preview Assets.xcassets */ = {isa = PBXFileReference; lastKnownFileType = folder.assetcatalog; path = "Preview Assets.xcassets"; sourceTree = "<group>"; };
		48504A752B16A181007BCC6B /* AdventOfCode2022.entitlements */ = {isa = PBXFileReference; lastKnownFileType = text.plist.entitlements; path = AdventOfCode2022.entitlements; sourceTree = "<group>"; };
		48504A7F2B16A1BC007BCC6B /* AdventOfCode2022Tests.xctest */ = {isa = PBXFileReference; explicitFileType = wrapper.cfbundle; includeInIndex = 0; path = AdventOfCode2022Tests.xctest; sourceTree = BUILT_PRODUCTS_DIR; };
		48504A812B16A1BC007BCC6B /* Solution1Tests.swift */ = {isa = PBXFileReference; lastKnownFileType = sourcecode.swift; path = Solution1Tests.swift; sourceTree = "<group>"; };
		48504A882B16A23C007BCC6B /* Solution1.swift */ = {isa = PBXFileReference; lastKnownFileType = sourcecode.swift; path = Solution1.swift; sourceTree = "<group>"; };
		48504A8D2B16A647007BCC6B /* Common.swift */ = {isa = PBXFileReference; lastKnownFileType = sourcecode.swift; path = Common.swift; sourceTree = "<group>"; };
		487D116E2B17535C00D2C1B7 /* Solution2.swift */ = {isa = PBXFileReference; lastKnownFileType = sourcecode.swift; path = Solution2.swift; sourceTree = "<group>"; };
		487D11702B17536100D2C1B7 /* Solution2Tests.swift */ = {isa = PBXFileReference; lastKnownFileType = sourcecode.swift; path = Solution2Tests.swift; sourceTree = "<group>"; };
		487D11732B176C5400D2C1B7 /* Solution3.swift */ = {isa = PBXFileReference; lastKnownFileType = sourcecode.swift; path = Solution3.swift; sourceTree = "<group>"; };
		487D11752B176C5A00D2C1B7 /* Solution3Tests.swift */ = {isa = PBXFileReference; lastKnownFileType = sourcecode.swift; path = Solution3Tests.swift; sourceTree = "<group>"; };
		487D11782B1780CC00D2C1B7 /* Solution4.swift */ = {isa = PBXFileReference; lastKnownFileType = sourcecode.swift; path = Solution4.swift; sourceTree = "<group>"; };
		487D117A2B1780D100D2C1B7 /* Solution4Tests.swift */ = {isa = PBXFileReference; lastKnownFileType = sourcecode.swift; path = Solution4Tests.swift; sourceTree = "<group>"; };
		487D117D2B17878400D2C1B7 /* Solution5.swift */ = {isa = PBXFileReference; lastKnownFileType = sourcecode.swift; path = Solution5.swift; sourceTree = "<group>"; };
		487D117F2B17878B00D2C1B7 /* Solution5Tests.swift */ = {isa = PBXFileReference; lastKnownFileType = sourcecode.swift; path = Solution5Tests.swift; sourceTree = "<group>"; };
		487D11822B179D8400D2C1B7 /* Solution6.swift */ = {isa = PBXFileReference; lastKnownFileType = sourcecode.swift; path = Solution6.swift; sourceTree = "<group>"; };
		487D11842B179D8900D2C1B7 /* Solution6Tests.swift */ = {isa = PBXFileReference; lastKnownFileType = sourcecode.swift; path = Solution6Tests.swift; sourceTree = "<group>"; };
		487D11872B17A79D00D2C1B7 /* Solution7.swift */ = {isa = PBXFileReference; lastKnownFileType = sourcecode.swift; path = Solution7.swift; sourceTree = "<group>"; };
		487D11892B17A7A200D2C1B7 /* Solution7Tests.swift */ = {isa = PBXFileReference; lastKnownFileType = sourcecode.swift; path = Solution7Tests.swift; sourceTree = "<group>"; };
		487D118C2B18A67400D2C1B7 /* Solution8.swift */ = {isa = PBXFileReference; lastKnownFileType = sourcecode.swift; path = Solution8.swift; sourceTree = "<group>"; };
		487D118E2B18A67800D2C1B7 /* Solution8Tests.swift */ = {isa = PBXFileReference; lastKnownFileType = sourcecode.swift; path = Solution8Tests.swift; sourceTree = "<group>"; };
/* End PBXFileReference section */

/* Begin PBXFrameworksBuildPhase section */
		48504A662B16A180007BCC6B /* Frameworks */ = {
			isa = PBXFrameworksBuildPhase;
			buildActionMask = 2147483647;
			files = (
			);
			runOnlyForDeploymentPostprocessing = 0;
		};
		48504A7C2B16A1BC007BCC6B /* Frameworks */ = {
			isa = PBXFrameworksBuildPhase;
			buildActionMask = 2147483647;
			files = (
				487D11922B18A8E800D2C1B7 /* Algorithms in Frameworks */,
			);
			runOnlyForDeploymentPostprocessing = 0;
		};
/* End PBXFrameworksBuildPhase section */

/* Begin PBXGroup section */
		48504A602B16A180007BCC6B = {
			isa = PBXGroup;
			children = (
				48504A6B2B16A180007BCC6B /* AdventOfCode2022 */,
				48504A802B16A1BC007BCC6B /* AdventOfCode2022Tests */,
				48504A6A2B16A180007BCC6B /* Products */,
			);
			sourceTree = "<group>";
		};
		48504A6A2B16A180007BCC6B /* Products */ = {
			isa = PBXGroup;
			children = (
				48504A692B16A180007BCC6B /* AdventOfCode2022.app */,
				48504A7F2B16A1BC007BCC6B /* AdventOfCode2022Tests.xctest */,
			);
			name = Products;
			sourceTree = "<group>";
		};
		48504A6B2B16A180007BCC6B /* AdventOfCode2022 */ = {
			isa = PBXGroup;
			children = (
				48504A6C2B16A180007BCC6B /* AdventOfCode2022App.swift */,
				48504A6E2B16A180007BCC6B /* ContentView.swift */,
				48504A702B16A181007BCC6B /* Assets.xcassets */,
				48504A752B16A181007BCC6B /* AdventOfCode2022.entitlements */,
				48504A722B16A181007BCC6B /* Preview Content */,
			);
			path = AdventOfCode2022;
			sourceTree = "<group>";
		};
		48504A722B16A181007BCC6B /* Preview Content */ = {
			isa = PBXGroup;
			children = (
				48504A732B16A181007BCC6B /* Preview Assets.xcassets */,
			);
			path = "Preview Content";
			sourceTree = "<group>";
		};
		48504A802B16A1BC007BCC6B /* AdventOfCode2022Tests */ = {
			isa = PBXGroup;
			children = (
				48504A8D2B16A647007BCC6B /* Common.swift */,
				487D11692B16A9B600D2C1B7 /* 1 */,
				487D116D2B17535800D2C1B7 /* 2 */,
				487D11722B176C4F00D2C1B7 /* 3 */,
				487D11772B1780C000D2C1B7 /* 4 */,
				487D117C2B17877A00D2C1B7 /* 5 */,
				487D11812B179D5900D2C1B7 /* 6 */,
				487D11862B17A78D00D2C1B7 /* 7 */,
				487D118B2B18A66600D2C1B7 /* 8 */,
			);
			path = AdventOfCode2022Tests;
			sourceTree = "<group>";
		};
		487D11692B16A9B600D2C1B7 /* 1 */ = {
			isa = PBXGroup;
			children = (
				48504A882B16A23C007BCC6B /* Solution1.swift */,
				48504A812B16A1BC007BCC6B /* Solution1Tests.swift */,
			);
			path = 1;
			sourceTree = "<group>";
		};
		487D116D2B17535800D2C1B7 /* 2 */ = {
			isa = PBXGroup;
			children = (
				487D116E2B17535C00D2C1B7 /* Solution2.swift */,
				487D11702B17536100D2C1B7 /* Solution2Tests.swift */,
			);
			path = 2;
			sourceTree = "<group>";
		};
		487D11722B176C4F00D2C1B7 /* 3 */ = {
			isa = PBXGroup;
			children = (
				487D11732B176C5400D2C1B7 /* Solution3.swift */,
				487D11752B176C5A00D2C1B7 /* Solution3Tests.swift */,
			);
			path = 3;
			sourceTree = "<group>";
		};
		487D11772B1780C000D2C1B7 /* 4 */ = {
			isa = PBXGroup;
			children = (
				487D11782B1780CC00D2C1B7 /* Solution4.swift */,
				487D117A2B1780D100D2C1B7 /* Solution4Tests.swift */,
			);
			path = 4;
			sourceTree = "<group>";
		};
		487D117C2B17877A00D2C1B7 /* 5 */ = {
			isa = PBXGroup;
			children = (
				487D117D2B17878400D2C1B7 /* Solution5.swift */,
				487D117F2B17878B00D2C1B7 /* Solution5Tests.swift */,
			);
			path = 5;
			sourceTree = "<group>";
		};
		487D11812B179D5900D2C1B7 /* 6 */ = {
			isa = PBXGroup;
			children = (
				487D11822B179D8400D2C1B7 /* Solution6.swift */,
				487D11842B179D8900D2C1B7 /* Solution6Tests.swift */,
			);
			path = 6;
			sourceTree = "<group>";
		};
		487D11862B17A78D00D2C1B7 /* 7 */ = {
			isa = PBXGroup;
			children = (
				487D11872B17A79D00D2C1B7 /* Solution7.swift */,
				487D11892B17A7A200D2C1B7 /* Solution7Tests.swift */,
			);
			path = 7;
			sourceTree = "<group>";
		};
		487D118B2B18A66600D2C1B7 /* 8 */ = {
			isa = PBXGroup;
			children = (
				487D118C2B18A67400D2C1B7 /* Solution8.swift */,
				487D118E2B18A67800D2C1B7 /* Solution8Tests.swift */,
			);
			path = 8;
			sourceTree = "<group>";
		};
/* End PBXGroup section */

/* Begin PBXNativeTarget section */
		48504A682B16A180007BCC6B /* AdventOfCode2022 */ = {
			isa = PBXNativeTarget;
			buildConfigurationList = 48504A782B16A181007BCC6B /* Build configuration list for PBXNativeTarget "AdventOfCode2022" */;
			buildPhases = (
				48504A652B16A180007BCC6B /* Sources */,
				48504A662B16A180007BCC6B /* Frameworks */,
				48504A672B16A180007BCC6B /* Resources */,
			);
			buildRules = (
			);
			dependencies = (
			);
			name = AdventOfCode2022;
			productName = AdventOfCode2022;
			productReference = 48504A692B16A180007BCC6B /* AdventOfCode2022.app */;
			productType = "com.apple.product-type.application";
		};
		48504A7E2B16A1BC007BCC6B /* AdventOfCode2022Tests */ = {
			isa = PBXNativeTarget;
			buildConfigurationList = 48504A872B16A1BC007BCC6B /* Build configuration list for PBXNativeTarget "AdventOfCode2022Tests" */;
			buildPhases = (
				48504A7B2B16A1BC007BCC6B /* Sources */,
				48504A7C2B16A1BC007BCC6B /* Frameworks */,
				48504A7D2B16A1BC007BCC6B /* Resources */,
			);
			buildRules = (
			);
			dependencies = (
				48504A842B16A1BC007BCC6B /* PBXTargetDependency */,
			);
			name = AdventOfCode2022Tests;
			packageProductDependencies = (
				487D11912B18A8E800D2C1B7 /* Algorithms */,
			);
			productName = AdventOfCode2022Tests;
			productReference = 48504A7F2B16A1BC007BCC6B /* AdventOfCode2022Tests.xctest */;
			productType = "com.apple.product-type.bundle.unit-test";
		};
/* End PBXNativeTarget section */

/* Begin PBXProject section */
		48504A612B16A180007BCC6B /* Project object */ = {
			isa = PBXProject;
			attributes = {
				BuildIndependentTargetsInParallel = 1;
				LastSwiftUpdateCheck = 1500;
				LastUpgradeCheck = 1500;
				TargetAttributes = {
					48504A682B16A180007BCC6B = {
						CreatedOnToolsVersion = 15.0;
					};
					48504A7E2B16A1BC007BCC6B = {
						CreatedOnToolsVersion = 15.0;
					};
				};
			};
			buildConfigurationList = 48504A642B16A180007BCC6B /* Build configuration list for PBXProject "AdventOfCode2022" */;
			compatibilityVersion = "Xcode 14.0";
			developmentRegion = en;
			hasScannedForEncodings = 0;
			knownRegions = (
				en,
				Base,
			);
			mainGroup = 48504A602B16A180007BCC6B;
			packageReferences = (
				487D11902B18A8E800D2C1B7 /* XCRemoteSwiftPackageReference "swift-algorithms" */,
			);
			productRefGroup = 48504A6A2B16A180007BCC6B /* Products */;
			projectDirPath = "";
			projectRoot = "";
			targets = (
				48504A682B16A180007BCC6B /* AdventOfCode2022 */,
				48504A7E2B16A1BC007BCC6B /* AdventOfCode2022Tests */,
			);
		};
/* End PBXProject section */

/* Begin PBXResourcesBuildPhase section */
		48504A672B16A180007BCC6B /* Resources */ = {
			isa = PBXResourcesBuildPhase;
			buildActionMask = 2147483647;
			files = (
				48504A742B16A181007BCC6B /* Preview Assets.xcassets in Resources */,
				48504A712B16A181007BCC6B /* Assets.xcassets in Resources */,
			);
			runOnlyForDeploymentPostprocessing = 0;
		};
		48504A7D2B16A1BC007BCC6B /* Resources */ = {
			isa = PBXResourcesBuildPhase;
			buildActionMask = 2147483647;
			files = (
			);
			runOnlyForDeploymentPostprocessing = 0;
		};
/* End PBXResourcesBuildPhase section */

/* Begin PBXSourcesBuildPhase section */
		48504A652B16A180007BCC6B /* Sources */ = {
			isa = PBXSourcesBuildPhase;
			buildActionMask = 2147483647;
			files = (
				48504A6F2B16A180007BCC6B /* ContentView.swift in Sources */,
				48504A6D2B16A180007BCC6B /* AdventOfCode2022App.swift in Sources */,
			);
			runOnlyForDeploymentPostprocessing = 0;
		};
		48504A7B2B16A1BC007BCC6B /* Sources */ = {
			isa = PBXSourcesBuildPhase;
			buildActionMask = 2147483647;
			files = (
				487D116B2B16A9EF00D2C1B7 /* Solution1Tests.swift in Sources */,
				487D116F2B17535C00D2C1B7 /* Solution2.swift in Sources */,
				487D118A2B17A7A200D2C1B7 /* Solution7Tests.swift in Sources */,
				48504A8E2B16A647007BCC6B /* Common.swift in Sources */,
				487D117B2B1780D100D2C1B7 /* Solution4Tests.swift in Sources */,
				487D11792B1780CC00D2C1B7 /* Solution4.swift in Sources */,
				487D11712B17536100D2C1B7 /* Solution2Tests.swift in Sources */,
				487D11882B17A79D00D2C1B7 /* Solution7.swift in Sources */,
				487D118F2B18A67800D2C1B7 /* Solution8Tests.swift in Sources */,
				487D11802B17878B00D2C1B7 /* Solution5Tests.swift in Sources */,
				487D11742B176C5400D2C1B7 /* Solution3.swift in Sources */,
				487D11762B176C5A00D2C1B7 /* Solution3Tests.swift in Sources */,
				487D11832B179D8400D2C1B7 /* Solution6.swift in Sources */,
				487D117E2B17878400D2C1B7 /* Solution5.swift in Sources */,
				487D116C2B16A9F300D2C1B7 /* Solution1.swift in Sources */,
				487D11852B179D8900D2C1B7 /* Solution6Tests.swift in Sources */,
				487D118D2B18A67400D2C1B7 /* Solution8.swift in Sources */,
			);
			runOnlyForDeploymentPostprocessing = 0;
		};
/* End PBXSourcesBuildPhase section */

/* Begin PBXTargetDependency section */
		48504A842B16A1BC007BCC6B /* PBXTargetDependency */ = {
			isa = PBXTargetDependency;
			target = 48504A682B16A180007BCC6B /* AdventOfCode2022 */;
			targetProxy = 48504A832B16A1BC007BCC6B /* PBXContainerItemProxy */;
		};
/* End PBXTargetDependency section */

/* Begin XCBuildConfiguration section */
		48504A762B16A181007BCC6B /* Debug */ = {
			isa = XCBuildConfiguration;
			buildSettings = {
				ALWAYS_SEARCH_USER_PATHS = NO;
				ASSETCATALOG_COMPILER_GENERATE_SWIFT_ASSET_SYMBOL_EXTENSIONS = YES;
				CLANG_ANALYZER_NONNULL = YES;
				CLANG_ANALYZER_NUMBER_OBJECT_CONVERSION = YES_AGGRESSIVE;
				CLANG_CXX_LANGUAGE_STANDARD = "gnu++20";
				CLANG_ENABLE_MODULES = YES;
				CLANG_ENABLE_OBJC_ARC = YES;
				CLANG_ENABLE_OBJC_WEAK = YES;
				CLANG_WARN_BLOCK_CAPTURE_AUTORELEASING = YES;
				CLANG_WARN_BOOL_CONVERSION = YES;
				CLANG_WARN_COMMA = YES;
				CLANG_WARN_CONSTANT_CONVERSION = YES;
				CLANG_WARN_DEPRECATED_OBJC_IMPLEMENTATIONS = YES;
				CLANG_WARN_DIRECT_OBJC_ISA_USAGE = YES_ERROR;
				CLANG_WARN_DOCUMENTATION_COMMENTS = YES;
				CLANG_WARN_EMPTY_BODY = YES;
				CLANG_WARN_ENUM_CONVERSION = YES;
				CLANG_WARN_INFINITE_RECURSION = YES;
				CLANG_WARN_INT_CONVERSION = YES;
				CLANG_WARN_NON_LITERAL_NULL_CONVERSION = YES;
				CLANG_WARN_OBJC_IMPLICIT_RETAIN_SELF = YES;
				CLANG_WARN_OBJC_LITERAL_CONVERSION = YES;
				CLANG_WARN_OBJC_ROOT_CLASS = YES_ERROR;
				CLANG_WARN_QUOTED_INCLUDE_IN_FRAMEWORK_HEADER = YES;
				CLANG_WARN_RANGE_LOOP_ANALYSIS = YES;
				CLANG_WARN_STRICT_PROTOTYPES = YES;
				CLANG_WARN_SUSPICIOUS_MOVE = YES;
				CLANG_WARN_UNGUARDED_AVAILABILITY = YES_AGGRESSIVE;
				CLANG_WARN_UNREACHABLE_CODE = YES;
				CLANG_WARN__DUPLICATE_METHOD_MATCH = YES;
				COPY_PHASE_STRIP = NO;
				DEBUG_INFORMATION_FORMAT = dwarf;
				ENABLE_STRICT_OBJC_MSGSEND = YES;
				ENABLE_TESTABILITY = YES;
				ENABLE_USER_SCRIPT_SANDBOXING = YES;
				GCC_C_LANGUAGE_STANDARD = gnu17;
				GCC_DYNAMIC_NO_PIC = NO;
				GCC_NO_COMMON_BLOCKS = YES;
				GCC_OPTIMIZATION_LEVEL = 0;
				GCC_PREPROCESSOR_DEFINITIONS = (
					"DEBUG=1",
					"$(inherited)",
				);
				GCC_WARN_64_TO_32_BIT_CONVERSION = YES;
				GCC_WARN_ABOUT_RETURN_TYPE = YES_ERROR;
				GCC_WARN_UNDECLARED_SELECTOR = YES;
				GCC_WARN_UNINITIALIZED_AUTOS = YES_AGGRESSIVE;
				GCC_WARN_UNUSED_FUNCTION = YES;
				GCC_WARN_UNUSED_VARIABLE = YES;
				LOCALIZATION_PREFERS_STRING_CATALOGS = YES;
				MACOSX_DEPLOYMENT_TARGET = 14.0;
				MTL_ENABLE_DEBUG_INFO = INCLUDE_SOURCE;
				MTL_FAST_MATH = YES;
				ONLY_ACTIVE_ARCH = YES;
				SDKROOT = macosx;
				SWIFT_ACTIVE_COMPILATION_CONDITIONS = "DEBUG $(inherited)";
				SWIFT_OPTIMIZATION_LEVEL = "-Onone";
			};
			name = Debug;
		};
		48504A772B16A181007BCC6B /* Release */ = {
			isa = XCBuildConfiguration;
			buildSettings = {
				ALWAYS_SEARCH_USER_PATHS = NO;
				ASSETCATALOG_COMPILER_GENERATE_SWIFT_ASSET_SYMBOL_EXTENSIONS = YES;
				CLANG_ANALYZER_NONNULL = YES;
				CLANG_ANALYZER_NUMBER_OBJECT_CONVERSION = YES_AGGRESSIVE;
				CLANG_CXX_LANGUAGE_STANDARD = "gnu++20";
				CLANG_ENABLE_MODULES = YES;
				CLANG_ENABLE_OBJC_ARC = YES;
				CLANG_ENABLE_OBJC_WEAK = YES;
				CLANG_WARN_BLOCK_CAPTURE_AUTORELEASING = YES;
				CLANG_WARN_BOOL_CONVERSION = YES;
				CLANG_WARN_COMMA = YES;
				CLANG_WARN_CONSTANT_CONVERSION = YES;
				CLANG_WARN_DEPRECATED_OBJC_IMPLEMENTATIONS = YES;
				CLANG_WARN_DIRECT_OBJC_ISA_USAGE = YES_ERROR;
				CLANG_WARN_DOCUMENTATION_COMMENTS = YES;
				CLANG_WARN_EMPTY_BODY = YES;
				CLANG_WARN_ENUM_CONVERSION = YES;
				CLANG_WARN_INFINITE_RECURSION = YES;
				CLANG_WARN_INT_CONVERSION = YES;
				CLANG_WARN_NON_LITERAL_NULL_CONVERSION = YES;
				CLANG_WARN_OBJC_IMPLICIT_RETAIN_SELF = YES;
				CLANG_WARN_OBJC_LITERAL_CONVERSION = YES;
				CLANG_WARN_OBJC_ROOT_CLASS = YES_ERROR;
				CLANG_WARN_QUOTED_INCLUDE_IN_FRAMEWORK_HEADER = YES;
				CLANG_WARN_RANGE_LOOP_ANALYSIS = YES;
				CLANG_WARN_STRICT_PROTOTYPES = YES;
				CLANG_WARN_SUSPICIOUS_MOVE = YES;
				CLANG_WARN_UNGUARDED_AVAILABILITY = YES_AGGRESSIVE;
				CLANG_WARN_UNREACHABLE_CODE = YES;
				CLANG_WARN__DUPLICATE_METHOD_MATCH = YES;
				COPY_PHASE_STRIP = NO;
				DEBUG_INFORMATION_FORMAT = "dwarf-with-dsym";
				ENABLE_NS_ASSERTIONS = NO;
				ENABLE_STRICT_OBJC_MSGSEND = YES;
				ENABLE_USER_SCRIPT_SANDBOXING = YES;
				GCC_C_LANGUAGE_STANDARD = gnu17;
				GCC_NO_COMMON_BLOCKS = YES;
				GCC_WARN_64_TO_32_BIT_CONVERSION = YES;
				GCC_WARN_ABOUT_RETURN_TYPE = YES_ERROR;
				GCC_WARN_UNDECLARED_SELECTOR = YES;
				GCC_WARN_UNINITIALIZED_AUTOS = YES_AGGRESSIVE;
				GCC_WARN_UNUSED_FUNCTION = YES;
				GCC_WARN_UNUSED_VARIABLE = YES;
				LOCALIZATION_PREFERS_STRING_CATALOGS = YES;
				MACOSX_DEPLOYMENT_TARGET = 14.0;
				MTL_ENABLE_DEBUG_INFO = NO;
				MTL_FAST_MATH = YES;
				SDKROOT = macosx;
				SWIFT_COMPILATION_MODE = wholemodule;
			};
			name = Release;
		};
		48504A792B16A181007BCC6B /* Debug */ = {
			isa = XCBuildConfiguration;
			buildSettings = {
				ASSETCATALOG_COMPILER_APPICON_NAME = AppIcon;
				ASSETCATALOG_COMPILER_GLOBAL_ACCENT_COLOR_NAME = AccentColor;
				CODE_SIGN_ENTITLEMENTS = AdventOfCode2022/AdventOfCode2022.entitlements;
				CODE_SIGN_STYLE = Automatic;
				COMBINE_HIDPI_IMAGES = YES;
				CURRENT_PROJECT_VERSION = 1;
				DEVELOPMENT_ASSET_PATHS = "\"AdventOfCode2022/Preview Content\"";
				DEVELOPMENT_TEAM = Y3NT3WUF44;
				ENABLE_HARDENED_RUNTIME = YES;
				ENABLE_PREVIEWS = YES;
				GENERATE_INFOPLIST_FILE = YES;
				INFOPLIST_KEY_NSHumanReadableCopyright = "";
				LD_RUNPATH_SEARCH_PATHS = (
					"$(inherited)",
					"@executable_path/../Frameworks",
				);
				MARKETING_VERSION = 1.0;
				PRODUCT_BUNDLE_IDENTIFIER = cz.tyas.AdventOfCode2022;
				PRODUCT_NAME = "$(TARGET_NAME)";
				SWIFT_EMIT_LOC_STRINGS = YES;
				SWIFT_VERSION = 5.0;
			};
			name = Debug;
		};
		48504A7A2B16A181007BCC6B /* Release */ = {
			isa = XCBuildConfiguration;
			buildSettings = {
				ASSETCATALOG_COMPILER_APPICON_NAME = AppIcon;
				ASSETCATALOG_COMPILER_GLOBAL_ACCENT_COLOR_NAME = AccentColor;
				CODE_SIGN_ENTITLEMENTS = AdventOfCode2022/AdventOfCode2022.entitlements;
				CODE_SIGN_STYLE = Automatic;
				COMBINE_HIDPI_IMAGES = YES;
				CURRENT_PROJECT_VERSION = 1;
				DEVELOPMENT_ASSET_PATHS = "\"AdventOfCode2022/Preview Content\"";
				DEVELOPMENT_TEAM = Y3NT3WUF44;
				ENABLE_HARDENED_RUNTIME = YES;
				ENABLE_PREVIEWS = YES;
				GENERATE_INFOPLIST_FILE = YES;
				INFOPLIST_KEY_NSHumanReadableCopyright = "";
				LD_RUNPATH_SEARCH_PATHS = (
					"$(inherited)",
					"@executable_path/../Frameworks",
				);
				MARKETING_VERSION = 1.0;
				PRODUCT_BUNDLE_IDENTIFIER = cz.tyas.AdventOfCode2022;
				PRODUCT_NAME = "$(TARGET_NAME)";
				SWIFT_EMIT_LOC_STRINGS = YES;
				SWIFT_VERSION = 5.0;
			};
			name = Release;
		};
		48504A852B16A1BC007BCC6B /* Debug */ = {
			isa = XCBuildConfiguration;
			buildSettings = {
				CODE_SIGN_STYLE = Automatic;
				CURRENT_PROJECT_VERSION = 1;
				DEVELOPMENT_TEAM = Y3NT3WUF44;
				GENERATE_INFOPLIST_FILE = YES;
				MARKETING_VERSION = 1.0;
				PRODUCT_BUNDLE_IDENTIFIER = cz.tyas.AdventOfCode2022Tests;
				PRODUCT_NAME = "$(TARGET_NAME)";
				SWIFT_EMIT_LOC_STRINGS = NO;
				SWIFT_VERSION = 5.0;
			};
			name = Debug;
		};
		48504A862B16A1BC007BCC6B /* Release */ = {
			isa = XCBuildConfiguration;
			buildSettings = {
				CODE_SIGN_STYLE = Automatic;
				CURRENT_PROJECT_VERSION = 1;
				DEVELOPMENT_TEAM = Y3NT3WUF44;
				GENERATE_INFOPLIST_FILE = YES;
				MARKETING_VERSION = 1.0;
				PRODUCT_BUNDLE_IDENTIFIER = cz.tyas.AdventOfCode2022Tests;
				PRODUCT_NAME = "$(TARGET_NAME)";
				SWIFT_EMIT_LOC_STRINGS = NO;
				SWIFT_VERSION = 5.0;
			};
			name = Release;
		};
/* End XCBuildConfiguration section */

/* Begin XCConfigurationList section */
		48504A642B16A180007BCC6B /* Build configuration list for PBXProject "AdventOfCode2022" */ = {
			isa = XCConfigurationList;
			buildConfigurations = (
				48504A762B16A181007BCC6B /* Debug */,
				48504A772B16A181007BCC6B /* Release */,
			);
			defaultConfigurationIsVisible = 0;
			defaultConfigurationName = Release;
		};
		48504A782B16A181007BCC6B /* Build configuration list for PBXNativeTarget "AdventOfCode2022" */ = {
			isa = XCConfigurationList;
			buildConfigurations = (
				48504A792B16A181007BCC6B /* Debug */,
				48504A7A2B16A181007BCC6B /* Release */,
			);
			defaultConfigurationIsVisible = 0;
			defaultConfigurationName = Release;
		};
		48504A872B16A1BC007BCC6B /* Build configuration list for PBXNativeTarget "AdventOfCode2022Tests" */ = {
			isa = XCConfigurationList;
			buildConfigurations = (
				48504A852B16A1BC007BCC6B /* Debug */,
				48504A862B16A1BC007BCC6B /* Release */,
			);
			defaultConfigurationIsVisible = 0;
			defaultConfigurationName = Release;
		};
/* End XCConfigurationList section */

/* Begin XCRemoteSwiftPackageReference section */
		487D11902B18A8E800D2C1B7 /* XCRemoteSwiftPackageReference "swift-algorithms" */ = {
			isa = XCRemoteSwiftPackageReference;
			repositoryURL = "https://github.com/apple/swift-algorithms.git";
			requirement = {
				kind = upToNextMajorVersion;
				minimumVersion = 1.2.0;
			};
		};
/* End XCRemoteSwiftPackageReference section */

/* Begin XCSwiftPackageProductDependency section */
		487D11912B18A8E800D2C1B7 /* Algorithms */ = {
			isa = XCSwiftPackageProductDependency;
			package = 487D11902B18A8E800D2C1B7 /* XCRemoteSwiftPackageReference "swift-algorithms" */;
			productName = Algorithms;
		};
/* End XCSwiftPackageProductDependency section */
	};
	rootObject = 48504A612B16A180007BCC6B /* Project object */;
}
